
Microsoft Visual Studio Solution File, Format Version 12.00
# Visual Studio Version 17
VisualStudioVersion = 17.9.34714.143
MinimumVisualStudioVersion = 10.0.40219.1
Project("{FAE04EC0-301F-11D3-BF4B-00C04F79EFBC}") = "MEDIplan", "MEDIplan.csproj", "{F5CFE36D-79B8-42E6-9A26-9F59A0D732A5}"
EndProject
Global
	GlobalSection(SolutionConfigurationPlatforms) = preSolution
		Debug|Any CPU = Debug|Any CPU
		Release|Any CPU = Release|Any CPU
	EndGlobalSection
	GlobalSection(ProjectConfigurationPlatforms) = postSolution
		{F5CFE36D-79B8-42E6-9A26-9F59A0D732A5}.Debug|Any CPU.ActiveCfg = Debug|Any CPU
		{F5CFE36D-79B8-42E6-9A26-9F59A0D732A5}.Debug|Any CPU.Build.0 = Debug|Any CPU
		{F5CFE36D-79B8-42E6-9A26-9F59A0D732A5}.Release|Any CPU.ActiveCfg = Release|Any CPU
		{F5CFE36D-79B8-42E6-9A26-9F59A0D732A5}.Release|Any CPU.Build.0 = Release|Any CPU
	EndGlobalSection
	GlobalSection(SolutionProperties) = preSolution
		HideSolutionNode = FALSE
	EndGlobalSection
	GlobalSection(ExtensibilityGlobals) = postSolution
		SolutionGuid = {1223C5B4-C6D7-4545-A7F5-B38B7B90E644}
	EndGlobalSection
EndGlobal
